
Microsoft Visual Studio Solution File, Format Version 12.00
# Visual Studio 15
VisualStudioVersion = 15.0.26403.0
MinimumVisualStudioVersion = 10.0.40219.1
Project("{FAE04EC0-301F-11D3-BF4B-00C04F79EFBC}") = "WebUI", "WebUI\WebUI.csproj", "{BFC9D9C6-DBD6-40EE-BEC0-D43D138DCA17}"
EndProject
Project("{FAE04EC0-301F-11D3-BF4B-00C04F79EFBC}") = "BusinessObjects", "BusinessObjects\BusinessObjects.csproj", "{C1B08250-A481-475C-B266-C421BC196195}"
EndProject
Project("{00D1A9C2-B5F0-4AF3-8072-F6C62B433612}") = "Database", "Database\Database.sqlproj", "{2353D847-34D0-4376-BD7A-0D36F9C73E73}"
EndProject
Global
	GlobalSection(SolutionConfigurationPlatforms) = preSolution
		Debug|Any CPU = Debug|Any CPU
		Release|Any CPU = Release|Any CPU
	EndGlobalSection
	GlobalSection(ProjectConfigurationPlatforms) = postSolution
		{BFC9D9C6-DBD6-40EE-BEC0-D43D138DCA17}.Debug|Any CPU.ActiveCfg = Debug|Any CPU
		{BFC9D9C6-DBD6-40EE-BEC0-D43D138DCA17}.Debug|Any CPU.Build.0 = Debug|Any CPU
		{BFC9D9C6-DBD6-40EE-BEC0-D43D138DCA17}.Release|Any CPU.ActiveCfg = Release|Any CPU
		{BFC9D9C6-DBD6-40EE-BEC0-D43D138DCA17}.Release|Any CPU.Build.0 = Release|Any CPU
		{C1B08250-A481-475C-B266-C421BC196195}.Debug|Any CPU.ActiveCfg = Debug|Any CPU
		{C1B08250-A481-475C-B266-C421BC196195}.Debug|Any CPU.Build.0 = Debug|Any CPU
		{C1B08250-A481-475C-B266-C421BC196195}.Release|Any CPU.ActiveCfg = Release|Any CPU
		{C1B08250-A481-475C-B266-C421BC196195}.Release|Any CPU.Build.0 = Release|Any CPU
		{2353D847-34D0-4376-BD7A-0D36F9C73E73}.Debug|Any CPU.ActiveCfg = Debug|Any CPU
		{2353D847-34D0-4376-BD7A-0D36F9C73E73}.Debug|Any CPU.Build.0 = Debug|Any CPU
		{2353D847-34D0-4376-BD7A-0D36F9C73E73}.Debug|Any CPU.Deploy.0 = Debug|Any CPU
		{2353D847-34D0-4376-BD7A-0D36F9C73E73}.Release|Any CPU.ActiveCfg = Release|Any CPU
		{2353D847-34D0-4376-BD7A-0D36F9C73E73}.Release|Any CPU.Build.0 = Release|Any CPU
		{2353D847-34D0-4376-BD7A-0D36F9C73E73}.Release|Any CPU.Deploy.0 = Release|Any CPU
	EndGlobalSection
	GlobalSection(SolutionProperties) = preSolution
		HideSolutionNode = FALSE
	EndGlobalSection
EndGlobal
